Microsoft Visual Studio Solution File, Format Version 12.00
# Visual Studio Version 17
VisualStudioVersion = 17.5.2.0
MinimumVisualStudioVersion = 10.0.40219.1
Project("{2150E333-8FDC-42A3-9474-1A3956D46DE8}") = "gui", "gui", "{9824AA2D-9169-1FBC-8A83-7227C72EA239}"
EndProject
Project("{FAE04EC0-301F-11D3-BF4B-00C04F79EFBC}") = "MedicAIGUI", "gui\MedicAIGUI.csproj", "{A4F0F91A-0F2D-3120-4267-82F28B636957}"
EndProject
Global
	GlobalSection(SolutionConfigurationPlatforms) = preSolution
		Debug|Any CPU = Debug|Any CPU
		Release|Any CPU = Release|Any CPU
	EndGlobalSection
	GlobalSection(ProjectConfigurationPlatforms) = postSolution
		{A4F0F91A-0F2D-3120-4267-82F28B636957}.Debug|Any CPU.ActiveCfg = Debug|Any CPU
		{A4F0F91A-0F2D-3120-4267-82F28B636957}.Debug|Any CPU.Build.0 = Debug|Any CPU
		{A4F0F91A-0F2D-3120-4267-82F28B636957}.Release|Any CPU.ActiveCfg = Release|Any CPU
		{A4F0F91A-0F2D-3120-4267-82F28B636957}.Release|Any CPU.Build.0 = Release|Any CPU
	EndGlobalSection
	GlobalSection(SolutionProperties) = preSolution
		HideSolutionNode = FALSE
	EndGlobalSection
	GlobalSection(NestedProjects) = preSolution
		{A4F0F91A-0F2D-3120-4267-82F28B636957} = {9824AA2D-9169-1FBC-8A83-7227C72EA239}
	EndGlobalSection
	GlobalSection(ExtensibilityGlobals) = postSolution
		SolutionGuid = {671F14CF-CD46-49DB-8807-EE2A3ABFF0E7}
	EndGlobalSection
EndGlobal
